{
  "nodes": {
    "catppuccin-bat": {
      "flake": false,
      "locked": {
        "lastModified": 1714038927,
        "narHash": "sha256-Q5B4NDrfCIK3UAMs94vdXnR42k4AXCqZz6sRn8bzmf4=",
        "owner": "catppuccin",
        "repo": "bat",
        "rev": "d714cc1d358ea51bfc02550dabab693f70cccea0",
        "type": "github"
      },
      "original": {
        "owner": "catppuccin",
        "repo": "bat",
        "type": "github"
      }
    },
    "home-manager": {
      "inputs": {
        "nixpkgs": [
          "nixpkgs"
        ]
      },
      "locked": {
        "lastModified": 1720042825,
        "narHash": "sha256-A0vrUB6x82/jvf17qPCpxaM+ulJnD8YZwH9Ci0BsAzE=",
        "owner": "nix-community",
        "repo": "home-manager",
        "rev": "e1391fb22e18a36f57e6999c7a9f966dc80ac073",
        "type": "github"
      },
      "original": {
        "owner": "nix-community",
        "ref": "release-24.05",
        "repo": "home-manager",
        "type": "github"
      }
    },
    "nixpkgs": {
      "locked": {
        "lastModified": 1720823163,
        "narHash": "sha256-FZ5dnrvKkln9ESdoTR8R7GKW9rNpXNZrxGsOXsbsTpE=",
        "owner": "nixos",
        "repo": "nixpkgs",
        "rev": "f12ee5f64c6a09995e71c9626d88c4efa983b488",
        "type": "github"
      },
      "original": {
        "owner": "nixos",
        "ref": "nixos-24.05",
        "repo": "nixpkgs",
        "type": "github"
      }
    },
    "root": {
      "inputs": {
        "catppuccin-bat": "catppuccin-bat",
        "home-manager": "home-manager",
        "nixpkgs": "nixpkgs"
      }
    }
  },
  "root": "root",
  "version": 7
}
